{
    "_meta": {
        "hash": {
            "sha256": "2596931f597b949a724029c36fdb9ea6748570658325be44351f612ad3f437e9"
        },
        "pipfile-spec": 6,
        "requires": {
            "python_version": "3.10"
        },
        "sources": [
            {
                "name": "pypi",
                "url": "https://pypi.org/simple",
                "verify_ssl": true
            }
        ]
    },
    "default": {
        "click": {
            "hashes": [
                "sha256:7682dc8afb30297001674575ea00d1814d808d6a36af415a82bd481d37ba7b8e",
                "sha256:bb4d8133cb15a609f44e8213d9b391b0809795062913b383c62be0ee95b1db48"
            ],
            "index": "pypi",
            "version": "==8.1.3"
        },
        "colorama": {
            "hashes": [
                "sha256:854bf444933e37f5824ae7bfc1e98d5bce2ebe4160d46b5edf346a89358e99da",
                "sha256:e6c6b4334fc50988a639d9b98aa429a0b57da6e17b9a44f0451f930b6967b7a4"
            ],
            "markers": "platform_system == 'Windows'",
            "version": "==0.4.5"
        },
        "jschon": {
            "hashes": [
                "sha256:470492f70791c82d12c0812c84d71bd7ae513c69cfba95ce92c378d714a89277",
                "sha256:4ca57d23bdfdfba24665fce42f3f7a583f3e3aa0b2fd909c9bb857f58baeb485"
            ],
            "index": "pypi",
            "version": "==0.8.5"
        },
        "praatio": {
            "hashes": [
                "sha256:b59217a1d78cf304ddbd06b860491bc49ecd7e2c7438c03cf97c1259a84ba54a",
                "sha256:ce5b1aaa30c3ca8f4f5f65a5ffc0b62966df77834e0d4322516294bd672e8722"
            ],
            "index": "pypi",
            "version": "==5.1.1"
        },
        "rfc3986": {
            "hashes": [
                "sha256:50b1502b60e289cb37883f3dfd34532b8873c7de9f49bb546641ce9cbd256ebd",
                "sha256:97aacf9dbd4bfd829baad6e6309fa6573aaf1be3f6fa735c8ab05e46cecb261c"
            ],
            "markers": "python_version >= '3.7'",
            "version": "==2.0.0"
        },
        "typing-extensions": {
            "hashes": [
                "sha256:25642c956049920a5aa49edcdd6ab1e06d7e5d467fc00e0506c44ac86fbfca02",
                "sha256:e6d2677a32f47fc7eb2795db1dd15c1f34eff616bcaf2cfb5e997f854fa1c4a6"
            ],
            "index": "pypi",
            "version": "==4.3.0"
        }
    },
    "develop": {
        "flake8": {
            "hashes": [
                "sha256:93aa565ae2f0316b95bb57a354f2b2d55ee8508e1fe1cb13b77b9c195b4a2537",
                "sha256:b27fd7faa8d90aaae763664a489012292990388e5d3604f383b290caefbbc922"
            ],
            "index": "pypi",
            "version": "==5.0.3"
        },
        "mccabe": {
            "hashes": [
                "sha256:348e0240c33b60bbdf4e523192ef919f28cb2c3d7d5c7794f74009290f236325",
                "sha256:6c2d30ab6be0e4a46919781807b4f0d834ebdd6c6e3dca0bda5a15f863427b6e"
            ],
            "markers": "python_version >= '3.6'",
            "version": "==0.7.0"
        },
        "pycodestyle": {
            "hashes": [
                "sha256:289cdc0969d589d90752582bef6dff57c5fbc6949ee8b013ad6d6449a8ae9437",
                "sha256:beaba44501f89d785be791c9462553f06958a221d166c64e1f107320f839acc2"
            ],
            "markers": "python_version >= '3.6'",
            "version": "==2.9.0"
        },
        "pyflakes": {
            "hashes": [
                "sha256:4579f67d887f804e67edb544428f264b7b24f435b263c4614f384135cea553d2",
                "sha256:491feb020dca48ccc562a8c0cbe8df07ee13078df59813b83959cbdada312ea3"
            ],
            "markers": "python_version >= '3.6'",
            "version": "==2.5.0"
        }
    }
}
